github.com/cornelk/hashmap v1.0.1 h1:RXGcy29hEdLLV8T6aK4s+BAd4tq4+3Hq50N2GoG0uIg=
github.com/cornelk/hashmap v1.0.1/go.mod h1:8wbysTUDnwJGrPZ1Iwsou3m+An6sldFrJItjRhfegCw=
github.com/davecgh/go-spew v1.1.1 h1:vj9j/u1bqnvCEfJOwUhtlOARqs3+rkHYY13jYWTU97c=
github.com/davecgh/go-spew v1.1.1/go.mod h1:J7Y8YcW2NihsgmVo/mv3lAwl/skON4iLHjSsI+c5H38=
github.com/dchest/siphash v1.1.0 h1:1Rs9eTUlZLPBEvV+2sTaM8O0NWn0ppbgqS7p11aWawI=
github.com/dchest/siphash v1.1.0/go.mod h1:q+IRvb2gOSrUnYoPqHiyHXS0FOBBOdl6tONBlVnOnt4=
github.com/edsrzf/mmap-go v1.0.0 h1:CEBF7HpRnUCSJgGUb5h1Gm7e3VkmVDrR8lvWVLtrOFw=
github.com/edsrzf/mmap-go v1.0.0/go.mod h1:YO35OhQPt3KJa3ryjFM5Bs14WD66h8eGKpfaBNrHW5M=
github.com/karminski/fastreflect v0.0.1 h1:v+OK8OmyQovOvB4UKILQ5tnIbm6xLqlYfVs0DWeFLbk=
github.com/karminski/fastreflect v0.0.1/go.mod h1:+leSpWuBSb2ZNnKJmhixN3lUFPK/EPBVjEUei4IZB8A=
golang.org/x/sys v0.0.0-20210305230114-8fe3ee5dd75b h1:ggRgirZABFolTmi3sn6Ivd9SipZwLedQ5wR0aAKnFxU=
golang.org/x/sys v0.0.0-20210305230114-8fe3ee5dd75b/go.mod h1:h1NjWce9XRLGQEsW7wpKNCjG9DtNlClVuFLEZdDNbEs=
